{
  "name": "Front-End",
  "lockfileVersion": 3,
  "requires": true,
  "packages": {
    "": {
      "dependencies": {
        "@fullcalendar/angular": "^6.1.21",
        "@fullcalendar/core": "^6.1.21",
        "@fullcalendar/daygrid": "^6.1.21",
        "@fullcalendar/interaction": "^6.1.21",
        "@fullcalendar/timegrid": "^6.1.21"
      }
    },
    "node_modules/@fullcalendar/angular": {
      "version": "6.1.21",
      "resolved": "https://registry.npmjs.org/@fullcalendar/angular/-/angular-6.1.21.tgz",
      "integrity": "sha512-ao2VKdqmu+y++Hyfb5q2qt9vXrNl9twgP74ClhcnVvDWaMNh7ku2QMAfkiYsyUXRY5YX74jP3eWSYAVGrU/rZQ==",
      "license": "MIT",
      "dependencies": {
        "tslib": "^2.3.0"
      },
      "peerDependencies": {
        "@angular/common": "12 - 22",
        "@angular/core": "12 - 22",
        "@fullcalendar/core": "~6.1.21"
      }
    },
    "node_modules/@fullcalendar/core": {
      "version": "6.1.21",
      "resolved": "https://registry.npmjs.org/@fullcalendar/core/-/core-6.1.21.tgz",
      "integrity": "sha512-t3u/+sqh3Iq7TWtUnVLcGDUE6OWZh0UD3c04bI/l7lSLAgAKr3kngBmhHiQD1QXpwC8ZN5iNqG7a7gOVixhSKQ==",
      "license": "MIT",
      "dependencies": {
        "preact": "~10.12.1"
      }
    },
    "node_modules/@fullcalendar/daygrid": {
      "version": "6.1.21",
      "resolved": "https://registry.npmjs.org/@fullcalendar/daygrid/-/daygrid-6.1.21.tgz",
      "integrity": "sha512-QYb1y40RGYLlOxKpYWg8O+7njEnKnFG8Tt7qjnubJGR35s1phQg67E+81y2TyAbbm59p2JFOCXGDk9t6KDujIA==",
      "license": "MIT",
      "peerDependencies": {
        "@fullcalendar/core": "~6.1.21"
      }
    },
    "node_modules/@fullcalendar/interaction": {
      "version": "6.1.21",
      "resolved": "https://registry.npmjs.org/@fullcalendar/interaction/-/interaction-6.1.21.tgz",
      "integrity": "sha512-WPYpqtljDWmU0Xm2cOtFrLlocgxv7cgkOppj34Q6OUUat8a6Cnd6kYo2JR+irP223PE5lBYHFNp1qh7SIpJc0w==",
      "license": "MIT",
      "peerDependencies": {
        "@fullcalendar/core": "~6.1.21"
      }
    },
    "node_modules/@fullcalendar/timegrid": {
      "version": "6.1.21",
      "resolved": "https://registry.npmjs.org/@fullcalendar/timegrid/-/timegrid-6.1.21.tgz",
      "integrity": "sha512-2DnShx/jallGmb8QCkr6pAOu/zuPhJrP7+uTrAtSnbqsX7GF3lTxqSeNGkTQwsgF5g/ia8udhQ+JNYaE+TN1cQ==",
      "license": "MIT",
      "dependencies": {
        "@fullcalendar/daygrid": "~6.1.21"
      },
      "peerDependencies": {
        "@fullcalendar/core": "~6.1.21"
      }
    },
    "node_modules/preact": {
      "version": "10.12.1",
      "resolved": "https://registry.npmjs.org/preact/-/preact-10.12.1.tgz",
      "integrity": "sha512-l8386ixSsBdbreOAkqtrwqHwdvR35ID8c3rKPa8lCWuO86dBi32QWHV4vfsZK1utLLFMvw+Z5Ad4XLkZzchscg==",
      "license": "MIT",
      "funding": {
        "type": "opencollective",
        "url": "https://opencollective.com/preact"
      }
    },
    "node_modules/tslib": {
      "version": "2.8.1",
      "resolved": "https://registry.npmjs.org/tslib/-/tslib-2.8.1.tgz",
      "integrity": "sha512-oJFu94HQb+KVduSUQL7wnpmqnfmLsOA/nAh6b6EH0wCEoK0/mPeXU6c3wKDV83MkOuHPRHtSXKKU99IBazS/2w==",
      "license": "0BSD"
    }
  }
}
